// !$*UTF8*$!
{
	archiveVersion = 1;
	classes = {
	};
	objectVersion = 50;
	objects = {

/* Begin PBXBuildFile section */
		EE10FEAC267A44B900F3AFC4 /* UIViewController+AddChild.swift in Sources */ = {isa = PBXBuildFile; fileRef = EE10FEAB267A44B900F3AFC4 /* UIViewController+AddChild.swift */; };
		EE3416C8267A2119006E2FBE /* AlertViewModel.swift in Sources */ = {isa = PBXBuildFile; fileRef = EE3416C7267A2119006E2FBE /* AlertViewModel.swift */; };
		EE4F4BC8267A25A600595763 /* AlertViewController.swift in Sources */ = {isa = PBXBuildFile; fileRef = EE4F4BC6267A25A600595763 /* AlertViewController.swift */; };
		EEB06BD7267A4221002626D4 /* AlertViewController.xib in Resources */ = {isa = PBXBuildFile; fileRef = EEB06BD6267A4221002626D4 /* AlertViewController.xib */; };
		EEF288A12676998800513A4D /* AppDelegate.swift in Sources */ = {isa = PBXBuildFile; fileRef = EEF288A02676998800513A4D /* AppDelegate.swift */; };
		EEF288A32676998800513A4D /* SceneDelegate.swift in Sources */ = {isa = PBXBuildFile; fileRef = EEF288A22676998800513A4D /* SceneDelegate.swift */; };
		EEF288A82676998800513A4D /* Main.storyboard in Resources */ = {isa = PBXBuildFile; fileRef = EEF288A62676998800513A4D /* Main.storyboard */; };
		EEF288AA2676998900513A4D /* Assets.xcassets in Resources */ = {isa = PBXBuildFile; fileRef = EEF288A92676998900513A4D /* Assets.xcassets */; };
		EEF288AD2676998900513A4D /* LaunchScreen.storyboard in Resources */ = {isa = PBXBuildFile; fileRef = EEF288AB2676998900513A4D /* LaunchScreen.storyboard */; };
		EEF288B82676998A00513A4D /* adidas_caseTests.swift in Sources */ = {isa = PBXBuildFile; fileRef = EEF288B72676998A00513A4D /* adidas_caseTests.swift */; };
		EEF288C32676998A00513A4D /* adidas_caseUITests.swift in Sources */ = {isa = PBXBuildFile; fileRef = EEF288C22676998A00513A4D /* adidas_caseUITests.swift */; };
		EEF288D426769D4300513A4D /* Product.swift in Sources */ = {isa = PBXBuildFile; fileRef = EEF288D326769D4300513A4D /* Product.swift */; };
		EEF288D526769D4300513A4D /* Product.swift in Sources */ = {isa = PBXBuildFile; fileRef = EEF288D326769D4300513A4D /* Product.swift */; };
		EEF288D626769D4300513A4D /* Product.swift in Sources */ = {isa = PBXBuildFile; fileRef = EEF288D326769D4300513A4D /* Product.swift */; };
		EEF288D826769E3200513A4D /* Review.swift in Sources */ = {isa = PBXBuildFile; fileRef = EEF288D726769E3200513A4D /* Review.swift */; };
		EEF288D926769E3200513A4D /* Review.swift in Sources */ = {isa = PBXBuildFile; fileRef = EEF288D726769E3200513A4D /* Review.swift */; };
		EEF288DA26769E3200513A4D /* Review.swift in Sources */ = {isa = PBXBuildFile; fileRef = EEF288D726769E3200513A4D /* Review.swift */; };
		EEF288DD26769F5100513A4D /* ProductService.swift in Sources */ = {isa = PBXBuildFile; fileRef = EEF288DC26769F5100513A4D /* ProductService.swift */; };
		EEF288E02676A21100513A4D /* ProductListViewModel.swift in Sources */ = {isa = PBXBuildFile; fileRef = EEF288DF2676A21100513A4D /* ProductListViewModel.swift */; };
		EEF288E32676AFB200513A4D /* ProductTableViewCell.swift in Sources */ = {isa = PBXBuildFile; fileRef = EEF288E22676AFB200513A4D /* ProductTableViewCell.swift */; };
		EEF288E62676B02E00513A4D /* NibProvidable.swift in Sources */ = {isa = PBXBuildFile; fileRef = EEF288E52676B02E00513A4D /* NibProvidable.swift */; };
		EEF288E82676B03C00513A4D /* ReusableView.swift in Sources */ = {isa = PBXBuildFile; fileRef = EEF288E72676B03C00513A4D /* ReusableView.swift */; };
		EEF288EB2676B0BA00513A4D /* UITableVIew+ReusableCell.swift in Sources */ = {isa = PBXBuildFile; fileRef = EEF288EA2676B0BA00513A4D /* UITableVIew+ReusableCell.swift */; };
		EEF288ED2676B16900513A4D /* ProductTableViewCell.xib in Resources */ = {isa = PBXBuildFile; fileRef = EEF288EC2676B16900513A4D /* ProductTableViewCell.xib */; };
		EEF288EF2676B4A700513A4D /* ImageLoaderService.swift in Sources */ = {isa = PBXBuildFile; fileRef = EEF288EE2676B4A700513A4D /* ImageLoaderService.swift */; };
		EEF288F12676B50500513A4D /* ImageServiceLoadable.swift in Sources */ = {isa = PBXBuildFile; fileRef = EEF288F02676B50500513A4D /* ImageServiceLoadable.swift */; };
		EEF288F32676B54B00513A4D /* ProductViewModel.swift in Sources */ = {isa = PBXBuildFile; fileRef = EEF288F22676B54B00513A4D /* ProductViewModel.swift */; };
		EEF288FB26794A9100513A4D /* Coordinator.swift in Sources */ = {isa = PBXBuildFile; fileRef = EEF288FA26794A9100513A4D /* Coordinator.swift */; };
		EEF288FE26794B1100513A4D /* MainCoordinator.swift in Sources */ = {isa = PBXBuildFile; fileRef = EEF288FD26794B1100513A4D /* MainCoordinator.swift */; };
		EEF28907267956A200513A4D /* ProductListViewController.swift in Sources */ = {isa = PBXBuildFile; fileRef = EEF28905267956A200513A4D /* ProductListViewController.swift */; };
		EEF28908267956A200513A4D /* ProductListViewController.xib in Resources */ = {isa = PBXBuildFile; fileRef = EEF28906267956A200513A4D /* ProductListViewController.xib */; };
		EEF2890B267956BD00513A4D /* ProductDetailsViewController.swift in Sources */ = {isa = PBXBuildFile; fileRef = EEF28909267956BD00513A4D /* ProductDetailsViewController.swift */; };
		EEF2890C267956BD00513A4D /* ProductDetailsViewController.xib in Resources */ = {isa = PBXBuildFile; fileRef = EEF2890A267956BD00513A4D /* ProductDetailsViewController.xib */; };
		EEF2890E26795C6000513A4D /* ProductSearchModelType.swift in Sources */ = {isa = PBXBuildFile; fileRef = EEF2890D26795C6000513A4D /* ProductSearchModelType.swift */; };
		EEF2891026795DAE00513A4D /* Navigator.swift in Sources */ = {isa = PBXBuildFile; fileRef = EEF2890F26795DAE00513A4D /* Navigator.swift */; };
		EEF2891226795FD300513A4D /* ProductDetailsViewModel.swift in Sources */ = {isa = PBXBuildFile; fileRef = EEF2891126795FD300513A4D /* ProductDetailsViewModel.swift */; };
		EEF289152679635C00513A4D /* ProductDetailsViewModelType.swift in Sources */ = {isa = PBXBuildFile; fileRef = EEF289142679635C00513A4D /* ProductDetailsViewModelType.swift */; };
		EEF28917267967EF00513A4D /* NetworkService.swift in Sources */ = {isa = PBXBuildFile; fileRef = EEF28916267967EF00513A4D /* NetworkService.swift */; };
		EEF289192679682700513A4D /* Resource.swift in Sources */ = {isa = PBXBuildFile; fileRef = EEF289182679682700513A4D /* Resource.swift */; };
		EEF2891B2679686800513A4D /* NetworkServiceType.swift in Sources */ = {isa = PBXBuildFile; fileRef = EEF2891A2679686800513A4D /* NetworkServiceType.swift */; };
		EEF2891F2679E8D900513A4D /* ProductReviewViewModel.swift in Sources */ = {isa = PBXBuildFile; fileRef = EEF2891E2679E8D900513A4D /* ProductReviewViewModel.swift */; };
/* End PBXBuildFile section */

/* Begin PBXContainerItemProxy section */
		EEF288B42676998A00513A4D /* PBXContainerItemProxy */ = {
			isa = PBXContainerItemProxy;
			containerPortal = EEF288952676998800513A4D /* Project object */;
			proxyType = 1;
			remoteGlobalIDString = EEF2889C2676998800513A4D;
			remoteInfo = "adidas-case";
		};
		EEF288BF2676998A00513A4D /* PBXContainerItemProxy */ = {
			isa = PBXContainerItemProxy;
			containerPortal = EEF288952676998800513A4D /* Project object */;
			proxyType = 1;
			remoteGlobalIDString = EEF2889C2676998800513A4D;
			remoteInfo = "adidas-case";
		};
/* End PBXContainerItemProxy section */

/* Begin PBXFileReference section */
		EE10FEAB267A44B900F3AFC4 /* UIViewController+AddChild.swift */ = {isa = PBXFileReference; lastKnownFileType = sourcecode.swift; path = "UIViewController+AddChild.swift"; sourceTree = "<group>"; };
		EE3416C7267A2119006E2FBE /* AlertViewModel.swift */ = {isa = PBXFileReference; lastKnownFileType = sourcecode.swift; path = AlertViewModel.swift; sourceTree = "<group>"; };
		EE4F4BC6267A25A600595763 /* AlertViewController.swift */ = {isa = PBXFileReference; lastKnownFileType = sourcecode.swift; path = AlertViewController.swift; sourceTree = "<group>"; };
		EEB06BD6267A4221002626D4 /* AlertViewController.xib */ = {isa = PBXFileReference; lastKnownFileType = file.xib; path = AlertViewController.xib; sourceTree = "<group>"; };
		EEF2889D2676998800513A4D /* adidas-case.app */ = {isa = PBXFileReference; explicitFileType = wrapper.application; includeInIndex = 0; path = "adidas-case.app"; sourceTree = BUILT_PRODUCTS_DIR; };
		EEF288A02676998800513A4D /* AppDelegate.swift */ = {isa = PBXFileReference; lastKnownFileType = sourcecode.swift; path = AppDelegate.swift; sourceTree = "<group>"; };
		EEF288A22676998800513A4D /* SceneDelegate.swift */ = {isa = PBXFileReference; lastKnownFileType = sourcecode.swift; path = SceneDelegate.swift; sourceTree = "<group>"; };
		EEF288A72676998800513A4D /* Base */ = {isa = PBXFileReference; lastKnownFileType = file.storyboard; name = Base; path = Base.lproj/Main.storyboard; sourceTree = "<group>"; };
		EEF288A92676998900513A4D /* Assets.xcassets */ = {isa = PBXFileReference; lastKnownFileType = folder.assetcatalog; path = Assets.xcassets; sourceTree = "<group>"; };
		EEF288AC2676998900513A4D /* Base */ = {isa = PBXFileReference; lastKnownFileType = file.storyboard; name = Base; path = Base.lproj/LaunchScreen.storyboard; sourceTree = "<group>"; };
		EEF288AE2676998900513A4D /* Info.plist */ = {isa = PBXFileReference; lastKnownFileType = text.plist.xml; path = Info.plist; sourceTree = "<group>"; };
		EEF288B32676998A00513A4D /* adidas-caseTests.xctest */ = {isa = PBXFileReference; explicitFileType = wrapper.cfbundle; includeInIndex = 0; path = "adidas-caseTests.xctest"; sourceTree = BUILT_PRODUCTS_DIR; };
		EEF288B72676998A00513A4D /* adidas_caseTests.swift */ = {isa = PBXFileReference; lastKnownFileType = sourcecode.swift; path = adidas_caseTests.swift; sourceTree = "<group>"; };
		EEF288B92676998A00513A4D /* Info.plist */ = {isa = PBXFileReference; lastKnownFileType = text.plist.xml; path = Info.plist; sourceTree = "<group>"; };
		EEF288BE2676998A00513A4D /* adidas-caseUITests.xctest */ = {isa = PBXFileReference; explicitFileType = wrapper.cfbundle; includeInIndex = 0; path = "adidas-caseUITests.xctest"; sourceTree = BUILT_PRODUCTS_DIR; };
		EEF288C22676998A00513A4D /* adidas_caseUITests.swift */ = {isa = PBXFileReference; lastKnownFileType = sourcecode.swift; path = adidas_caseUITests.swift; sourceTree = "<group>"; };
		EEF288C42676998A00513A4D /* Info.plist */ = {isa = PBXFileReference; lastKnownFileType = text.plist.xml; path = Info.plist; sourceTree = "<group>"; };
		EEF288D326769D4300513A4D /* Product.swift */ = {isa = PBXFileReference; lastKnownFileType = sourcecode.swift; path = Product.swift; sourceTree = "<group>"; };
		EEF288D726769E3200513A4D /* Review.swift */ = {isa = PBXFileReference; lastKnownFileType = sourcecode.swift; path = Review.swift; sourceTree = "<group>"; };
		EEF288DC26769F5100513A4D /* ProductService.swift */ = {isa = PBXFileReference; lastKnownFileType = sourcecode.swift; path = ProductService.swift; sourceTree = "<group>"; };
		EEF288DF2676A21100513A4D /* ProductListViewModel.swift */ = {isa = PBXFileReference; lastKnownFileType = sourcecode.swift; path = ProductListViewModel.swift; sourceTree = "<group>"; };
		EEF288E22676AFB200513A4D /* ProductTableViewCell.swift */ = {isa = PBXFileReference; lastKnownFileType = sourcecode.swift; path = ProductTableViewCell.swift; sourceTree = "<group>"; };
		EEF288E52676B02E00513A4D /* NibProvidable.swift */ = {isa = PBXFileReference; lastKnownFileType = sourcecode.swift; path = NibProvidable.swift; sourceTree = "<group>"; };
		EEF288E72676B03C00513A4D /* ReusableView.swift */ = {isa = PBXFileReference; lastKnownFileType = sourcecode.swift; path = ReusableView.swift; sourceTree = "<group>"; };
		EEF288EA2676B0BA00513A4D /* UITableVIew+ReusableCell.swift */ = {isa = PBXFileReference; lastKnownFileType = sourcecode.swift; path = "UITableVIew+ReusableCell.swift"; sourceTree = "<group>"; };
		EEF288EC2676B16900513A4D /* ProductTableViewCell.xib */ = {isa = PBXFileReference; lastKnownFileType = file.xib; path = ProductTableViewCell.xib; sourceTree = "<group>"; };
		EEF288EE2676B4A700513A4D /* ImageLoaderService.swift */ = {isa = PBXFileReference; lastKnownFileType = sourcecode.swift; path = ImageLoaderService.swift; sourceTree = "<group>"; };
		EEF288F02676B50500513A4D /* ImageServiceLoadable.swift */ = {isa = PBXFileReference; lastKnownFileType = sourcecode.swift; path = ImageServiceLoadable.swift; sourceTree = "<group>"; };
		EEF288F22676B54B00513A4D /* ProductViewModel.swift */ = {isa = PBXFileReference; lastKnownFileType = sourcecode.swift; path = ProductViewModel.swift; sourceTree = "<group>"; };
		EEF288FA26794A9100513A4D /* Coordinator.swift */ = {isa = PBXFileReference; lastKnownFileType = sourcecode.swift; path = Coordinator.swift; sourceTree = "<group>"; };
		EEF288FD26794B1100513A4D /* MainCoordinator.swift */ = {isa = PBXFileReference; lastKnownFileType = sourcecode.swift; path = MainCoordinator.swift; sourceTree = "<group>"; };
		EEF28905267956A200513A4D /* ProductListViewController.swift */ = {isa = PBXFileReference; lastKnownFileType = sourcecode.swift; path = ProductListViewController.swift; sourceTree = "<group>"; };
		EEF28906267956A200513A4D /* ProductListViewController.xib */ = {isa = PBXFileReference; lastKnownFileType = file.xib; path = ProductListViewController.xib; sourceTree = "<group>"; };
		EEF28909267956BD00513A4D /* ProductDetailsViewController.swift */ = {isa = PBXFileReference; lastKnownFileType = sourcecode.swift; path = ProductDetailsViewController.swift; sourceTree = "<group>"; };
		EEF2890A267956BD00513A4D /* ProductDetailsViewController.xib */ = {isa = PBXFileReference; lastKnownFileType = file.xib; path = ProductDetailsViewController.xib; sourceTree = "<group>"; };
		EEF2890D26795C6000513A4D /* ProductSearchModelType.swift */ = {isa = PBXFileReference; lastKnownFileType = sourcecode.swift; path = ProductSearchModelType.swift; sourceTree = "<group>"; };
		EEF2890F26795DAE00513A4D /* Navigator.swift */ = {isa = PBXFileReference; lastKnownFileType = sourcecode.swift; path = Navigator.swift; sourceTree = "<group>"; };
		EEF2891126795FD300513A4D /* ProductDetailsViewModel.swift */ = {isa = PBXFileReference; lastKnownFileType = sourcecode.swift; path = ProductDetailsViewModel.swift; sourceTree = "<group>"; };
		EEF289142679635C00513A4D /* ProductDetailsViewModelType.swift */ = {isa = PBXFileReference; lastKnownFileType = sourcecode.swift; path = ProductDetailsViewModelType.swift; sourceTree = "<group>"; };
		EEF28916267967EF00513A4D /* NetworkService.swift */ = {isa = PBXFileReference; lastKnownFileType = sourcecode.swift; path = NetworkService.swift; sourceTree = "<group>"; };
		EEF289182679682700513A4D /* Resource.swift */ = {isa = PBXFileReference; lastKnownFileType = sourcecode.swift; path = Resource.swift; sourceTree = "<group>"; };
		EEF2891A2679686800513A4D /* NetworkServiceType.swift */ = {isa = PBXFileReference; lastKnownFileType = sourcecode.swift; path = NetworkServiceType.swift; sourceTree = "<group>"; };
		EEF2891E2679E8D900513A4D /* ProductReviewViewModel.swift */ = {isa = PBXFileReference; lastKnownFileType = sourcecode.swift; path = ProductReviewViewModel.swift; sourceTree = "<group>"; };
/* End PBXFileReference section */

/* Begin PBXFrameworksBuildPhase section */
		EEF2889A2676998800513A4D /* Frameworks */ = {
			isa = PBXFrameworksBuildPhase;
			buildActionMask = 2147483647;
			files = (
			);
			runOnlyForDeploymentPostprocessing = 0;
		};
		EEF288B02676998A00513A4D /* Frameworks */ = {
			isa = PBXFrameworksBuildPhase;
			buildActionMask = 2147483647;
			files = (
			);
			runOnlyForDeploymentPostprocessing = 0;
		};
		EEF288BB2676998A00513A4D /* Frameworks */ = {
			isa = PBXFrameworksBuildPhase;
			buildActionMask = 2147483647;
			files = (
			);
			runOnlyForDeploymentPostprocessing = 0;
		};
/* End PBXFrameworksBuildPhase section */

/* Begin PBXGroup section */
		EE3416C5267A20E7006E2FBE /* Screens */ = {
			isa = PBXGroup;
			children = (
				EE3416C6267A2102006E2FBE /* Alert */,
				EEF289132679634200513A4D /* ProductDetails */,
				EEF2891D2679E87F00513A4D /* ProductReview */,
				EEF2891C2679773C00513A4D /* ProductList */,
			);
			path = Screens;
			sourceTree = "<group>";
		};
		EE3416C6267A2102006E2FBE /* Alert */ = {
			isa = PBXGroup;
			children = (
				EE3416C7267A2119006E2FBE /* AlertViewModel.swift */,
				EE4F4BC6267A25A600595763 /* AlertViewController.swift */,
				EEB06BD6267A4221002626D4 /* AlertViewController.xib */,
			);
			path = Alert;
			sourceTree = "<group>";
		};
		EEF288942676998800513A4D = {
			isa = PBXGroup;
			children = (
				EEF2889F2676998800513A4D /* adidas-case */,
				EEF288B62676998A00513A4D /* adidas-caseTests */,
				EEF288C12676998A00513A4D /* adidas-caseUITests */,
				EEF2889E2676998800513A4D /* Products */,
			);
			sourceTree = "<group>";
		};
		EEF2889E2676998800513A4D /* Products */ = {
			isa = PBXGroup;
			children = (
				EEF2889D2676998800513A4D /* adidas-case.app */,
				EEF288B32676998A00513A4D /* adidas-caseTests.xctest */,
				EEF288BE2676998A00513A4D /* adidas-caseUITests.xctest */,
			);
			name = Products;
			sourceTree = "<group>";
		};
		EEF2889F2676998800513A4D /* adidas-case */ = {
			isa = PBXGroup;
			children = (
				EE3416C5267A20E7006E2FBE /* Screens */,
				EEF288FC26794AEC00513A4D /* Coordinators */,
				EEF288E92676B09E00513A4D /* Extensions */,
				EEF288E42676B01E00513A4D /* Protocols */,
				EEF288DE2676A1F600513A4D /* ViewModel */,
				EEF288DB26769F3300513A4D /* service */,
				EEF288D226769D2700513A4D /* model */,
				EEF288D1267699D200513A4D /* resources */,
				EEF288A02676998800513A4D /* AppDelegate.swift */,
				EEF288A22676998800513A4D /* SceneDelegate.swift */,
				EEF288AE2676998900513A4D /* Info.plist */,
			);
			path = "adidas-case";
			sourceTree = "<group>";
		};
		EEF288B62676998A00513A4D /* adidas-caseTests */ = {
			isa = PBXGroup;
			children = (
				EEF288B72676998A00513A4D /* adidas_caseTests.swift */,
				EEF288B92676998A00513A4D /* Info.plist */,
			);
			path = "adidas-caseTests";
			sourceTree = "<group>";
		};
		EEF288C12676998A00513A4D /* adidas-caseUITests */ = {
			isa = PBXGroup;
			children = (
				EEF288C22676998A00513A4D /* adidas_caseUITests.swift */,
				EEF288C42676998A00513A4D /* Info.plist */,
			);
			path = "adidas-caseUITests";
			sourceTree = "<group>";
		};
		EEF288D1267699D200513A4D /* resources */ = {
			isa = PBXGroup;
			children = (
				EEF288A62676998800513A4D /* Main.storyboard */,
				EEF288A92676998900513A4D /* Assets.xcassets */,
				EEF288AB2676998900513A4D /* LaunchScreen.storyboard */,
			);
			path = resources;
			sourceTree = "<group>";
		};
		EEF288D226769D2700513A4D /* model */ = {
			isa = PBXGroup;
			children = (
				EEF288D326769D4300513A4D /* Product.swift */,
				EEF288D726769E3200513A4D /* Review.swift */,
				EEF2890D26795C6000513A4D /* ProductSearchModelType.swift */,
			);
			path = model;
			sourceTree = "<group>";
		};
		EEF288DB26769F3300513A4D /* service */ = {
			isa = PBXGroup;
			children = (
				EEF288DC26769F5100513A4D /* ProductService.swift */,
				EEF288EE2676B4A700513A4D /* ImageLoaderService.swift */,
				EEF28916267967EF00513A4D /* NetworkService.swift */,
				EEF289182679682700513A4D /* Resource.swift */,
				EEF2891A2679686800513A4D /* NetworkServiceType.swift */,
			);
			path = service;
			sourceTree = "<group>";
		};
		EEF288DE2676A1F600513A4D /* ViewModel */ = {
			isa = PBXGroup;
			children = (
				EEF288F22676B54B00513A4D /* ProductViewModel.swift */,
			);
			path = ViewModel;
			sourceTree = "<group>";
		};
		EEF288E12676AF9900513A4D /* Cells */ = {
			isa = PBXGroup;
			children = (
				EEF288E22676AFB200513A4D /* ProductTableViewCell.swift */,
				EEF288EC2676B16900513A4D /* ProductTableViewCell.xib */,
			);
			path = Cells;
			sourceTree = "<group>";
		};
		EEF288E42676B01E00513A4D /* Protocols */ = {
			isa = PBXGroup;
			children = (
				EEF288E52676B02E00513A4D /* NibProvidable.swift */,
				EEF288E72676B03C00513A4D /* ReusableView.swift */,
				EEF288F02676B50500513A4D /* ImageServiceLoadable.swift */,
				EEF288FA26794A9100513A4D /* Coordinator.swift */,
				EEF2890F26795DAE00513A4D /* Navigator.swift */,
			);
			path = Protocols;
			sourceTree = "<group>";
		};
		EEF288E92676B09E00513A4D /* Extensions */ = {
			isa = PBXGroup;
			children = (
				EEF288EA2676B0BA00513A4D /* UITableVIew+ReusableCell.swift */,
				EE10FEAB267A44B900F3AFC4 /* UIViewController+AddChild.swift */,
			);
			path = Extensions;
			sourceTree = "<group>";
		};
		EEF288FC26794AEC00513A4D /* Coordinators */ = {
			isa = PBXGroup;
			children = (
				EEF288FD26794B1100513A4D /* MainCoordinator.swift */,
			);
			path = Coordinators;
			sourceTree = "<group>";
		};
		EEF289132679634200513A4D /* ProductDetails */ = {
			isa = PBXGroup;
			children = (
				EEF289142679635C00513A4D /* ProductDetailsViewModelType.swift */,
				EEF2891126795FD300513A4D /* ProductDetailsViewModel.swift */,
				EEF28909267956BD00513A4D /* ProductDetailsViewController.swift */,
				EEF2890A267956BD00513A4D /* ProductDetailsViewController.xib */,
			);
			path = ProductDetails;
			sourceTree = "<group>";
		};
		EEF2891C2679773C00513A4D /* ProductList */ = {
			isa = PBXGroup;
			children = (
				EEF288E12676AF9900513A4D /* Cells */,
				EEF28905267956A200513A4D /* ProductListViewController.swift */,
				EEF28906267956A200513A4D /* ProductListViewController.xib */,
				EEF288DF2676A21100513A4D /* ProductListViewModel.swift */,
			);
			path = ProductList;
			sourceTree = "<group>";
		};
		EEF2891D2679E87F00513A4D /* ProductReview */ = {
			isa = PBXGroup;
			children = (
				EEF2891E2679E8D900513A4D /* ProductReviewViewModel.swift */,
			);
			path = ProductReview;
			sourceTree = "<group>";
		};
/* End PBXGroup section */

/* Begin PBXNativeTarget section */
		EEF2889C2676998800513A4D /* adidas-case */ = {
			isa = PBXNativeTarget;
			buildConfigurationList = EEF288C72676998A00513A4D /* Build configuration list for PBXNativeTarget "adidas-case" */;
			buildPhases = (
				EEF288992676998800513A4D /* Sources */,
				EEF2889A2676998800513A4D /* Frameworks */,
				EEF2889B2676998800513A4D /* Resources */,
			);
			buildRules = (
			);
			dependencies = (
			);
			name = "adidas-case";
			productName = "adidas-case";
			productReference = EEF2889D2676998800513A4D /* adidas-case.app */;
			productType = "com.apple.product-type.application";
		};
		EEF288B22676998A00513A4D /* adidas-caseTests */ = {
			isa = PBXNativeTarget;
			buildConfigurationList = EEF288CA2676998A00513A4D /* Build configuration list for PBXNativeTarget "adidas-caseTests" */;
			buildPhases = (
				EEF288AF2676998A00513A4D /* Sources */,
				EEF288B02676998A00513A4D /* Frameworks */,
				EEF288B12676998A00513A4D /* Resources */,
			);
			buildRules = (
			);
			dependencies = (
				EEF288B52676998A00513A4D /* PBXTargetDependency */,
			);
			name = "adidas-caseTests";
			productName = "adidas-caseTests";
			productReference = EEF288B32676998A00513A4D /* adidas-caseTests.xctest */;
			productType = "com.apple.product-type.bundle.unit-test";
		};
		EEF288BD2676998A00513A4D /* adidas-caseUITests */ = {
			isa = PBXNativeTarget;
			buildConfigurationList = EEF288CD2676998A00513A4D /* Build configuration list for PBXNativeTarget "adidas-caseUITests" */;
			buildPhases = (
				EEF288BA2676998A00513A4D /* Sources */,
				EEF288BB2676998A00513A4D /* Frameworks */,
				EEF288BC2676998A00513A4D /* Resources */,
			);
			buildRules = (
			);
			dependencies = (
				EEF288C02676998A00513A4D /* PBXTargetDependency */,
			);
			name = "adidas-caseUITests";
			productName = "adidas-caseUITests";
			productReference = EEF288BE2676998A00513A4D /* adidas-caseUITests.xctest */;
			productType = "com.apple.product-type.bundle.ui-testing";
		};
/* End PBXNativeTarget section */

/* Begin PBXProject section */
		EEF288952676998800513A4D /* Project object */ = {
			isa = PBXProject;
			attributes = {
				LastSwiftUpdateCheck = 1250;
				LastUpgradeCheck = 1250;
				TargetAttributes = {
					EEF2889C2676998800513A4D = {
						CreatedOnToolsVersion = 12.5;
					};
					EEF288B22676998A00513A4D = {
						CreatedOnToolsVersion = 12.5;
						TestTargetID = EEF2889C2676998800513A4D;
					};
					EEF288BD2676998A00513A4D = {
						CreatedOnToolsVersion = 12.5;
						TestTargetID = EEF2889C2676998800513A4D;
					};
				};
			};
			buildConfigurationList = EEF288982676998800513A4D /* Build configuration list for PBXProject "adidas-case" */;
			compatibilityVersion = "Xcode 9.3";
			developmentRegion = en;
			hasScannedForEncodings = 0;
			knownRegions = (
				en,
				Base,
			);
			mainGroup = EEF288942676998800513A4D;
			productRefGroup = EEF2889E2676998800513A4D /* Products */;
			projectDirPath = "";
			projectRoot = "";
			targets = (
				EEF2889C2676998800513A4D /* adidas-case */,
				EEF288B22676998A00513A4D /* adidas-caseTests */,
				EEF288BD2676998A00513A4D /* adidas-caseUITests */,
			);
		};
/* End PBXProject section */

/* Begin PBXResourcesBuildPhase section */
		EEF2889B2676998800513A4D /* Resources */ = {
			isa = PBXResourcesBuildPhase;
			buildActionMask = 2147483647;
			files = (
				EEF2890C267956BD00513A4D /* ProductDetailsViewController.xib in Resources */,
				EEF288ED2676B16900513A4D /* ProductTableViewCell.xib in Resources */,
				EEF28908267956A200513A4D /* ProductListViewController.xib in Resources */,
				EEF288AD2676998900513A4D /* LaunchScreen.storyboard in Resources */,
				EEF288AA2676998900513A4D /* Assets.xcassets in Resources */,
				EEF288A82676998800513A4D /* Main.storyboard in Resources */,
				EEB06BD7267A4221002626D4 /* AlertViewController.xib in Resources */,
			);
			runOnlyForDeploymentPostprocessing = 0;
		};
		EEF288B12676998A00513A4D /* Resources */ = {
			isa = PBXResourcesBuildPhase;
			buildActionMask = 2147483647;
			files = (
			);
			runOnlyForDeploymentPostprocessing = 0;
		};
		EEF288BC2676998A00513A4D /* Resources */ = {
			isa = PBXResourcesBuildPhase;
			buildActionMask = 2147483647;
			files = (
			);
			runOnlyForDeploymentPostprocessing = 0;
		};
/* End PBXResourcesBuildPhase section */

/* Begin PBXSourcesBuildPhase section */
		EEF288992676998800513A4D /* Sources */ = {
			isa = PBXSourcesBuildPhase;
			buildActionMask = 2147483647;
			files = (
				EEF2891B2679686800513A4D /* NetworkServiceType.swift in Sources */,
				EEF28917267967EF00513A4D /* NetworkService.swift in Sources */,
				EEF288F32676B54B00513A4D /* ProductViewModel.swift in Sources */,
				EE10FEAC267A44B900F3AFC4 /* UIViewController+AddChild.swift in Sources */,
				EEF2890E26795C6000513A4D /* ProductSearchModelType.swift in Sources */,
				EEF2891026795DAE00513A4D /* Navigator.swift in Sources */,
				EEF288E02676A21100513A4D /* ProductListViewModel.swift in Sources */,
				EEF288E82676B03C00513A4D /* ReusableView.swift in Sources */,
				EEF288EB2676B0BA00513A4D /* UITableVIew+ReusableCell.swift in Sources */,
				EEF288E32676AFB200513A4D /* ProductTableViewCell.swift in Sources */,
				EEF289192679682700513A4D /* Resource.swift in Sources */,
				EEF289152679635C00513A4D /* ProductDetailsViewModelType.swift in Sources */,
				EEF2890B267956BD00513A4D /* ProductDetailsViewController.swift in Sources */,
				EEF288D826769E3200513A4D /* Review.swift in Sources */,
				EEF288EF2676B4A700513A4D /* ImageLoaderService.swift in Sources */,
				EEF288E62676B02E00513A4D /* NibProvidable.swift in Sources */,
				EEF2891226795FD300513A4D /* ProductDetailsViewModel.swift in Sources */,
				EEF2891F2679E8D900513A4D /* ProductReviewViewModel.swift in Sources */,
				EE3416C8267A2119006E2FBE /* AlertViewModel.swift in Sources */,
				EEF288FB26794A9100513A4D /* Coordinator.swift in Sources */,
				EEF288F12676B50500513A4D /* ImageServiceLoadable.swift in Sources */,
				EEF288D426769D4300513A4D /* Product.swift in Sources */,
				EEF288A12676998800513A4D /* AppDelegate.swift in Sources */,
				EE4F4BC8267A25A600595763 /* AlertViewController.swift in Sources */,
				EEF28907267956A200513A4D /* ProductListViewController.swift in Sources */,
				EEF288A32676998800513A4D /* SceneDelegate.swift in Sources */,
				EEF288DD26769F5100513A4D /* ProductService.swift in Sources */,
				EEF288FE26794B1100513A4D /* MainCoordinator.swift in Sources */,
			);
			runOnlyForDeploymentPostprocessing = 0;
		};
		EEF288AF2676998A00513A4D /* Sources */ = {
			isa = PBXSourcesBuildPhase;
			buildActionMask = 2147483647;
			files = (
				EEF288B82676998A00513A4D /* adidas_caseTests.swift in Sources */,
				EEF288D526769D4300513A4D /* Product.swift in Sources */,
				EEF288D926769E3200513A4D /* Review.swift in Sources */,
			);
			runOnlyForDeploymentPostprocessing = 0;
		};
		EEF288BA2676998A00513A4D /* Sources */ = {
			isa = PBXSourcesBuildPhase;
			buildActionMask = 2147483647;
			files = (
				EEF288C32676998A00513A4D /* adidas_caseUITests.swift in Sources */,
				EEF288D626769D4300513A4D /* Product.swift in Sources */,
				EEF288DA26769E3200513A4D /* Review.swift in Sources */,
			);
			runOnlyForDeploymentPostprocessing = 0;
		};
/* End PBXSourcesBuildPhase section */

/* Begin PBXTargetDependency section */
		EEF288B52676998A00513A4D /* PBXTargetDependency */ = {
			isa = PBXTargetDependency;
			target = EEF2889C2676998800513A4D /* adidas-case */;
			targetProxy = EEF288B42676998A00513A4D /* PBXContainerItemProxy */;
		};
		EEF288C02676998A00513A4D /* PBXTargetDependency */ = {
			isa = PBXTargetDependency;
			target = EEF2889C2676998800513A4D /* adidas-case */;
			targetProxy = EEF288BF2676998A00513A4D /* PBXContainerItemProxy */;
		};
/* End PBXTargetDependency section */

/* Begin PBXVariantGroup section */
		EEF288A62676998800513A4D /* Main.storyboard */ = {
			isa = PBXVariantGroup;
			children = (
				EEF288A72676998800513A4D /* Base */,
			);
			name = Main.storyboard;
			sourceTree = "<group>";
		};
		EEF288AB2676998900513A4D /* LaunchScreen.storyboard */ = {
			isa = PBXVariantGroup;
			children = (
				EEF288AC2676998900513A4D /* Base */,
			);
			name = LaunchScreen.storyboard;
			sourceTree = "<group>";
		};
/* End PBXVariantGroup section */

/* Begin XCBuildConfiguration section */
		EEF288C52676998A00513A4D /* Debug */ = {
			isa = XCBuildConfiguration;
			buildSettings = {
				ALWAYS_SEARCH_USER_PATHS = NO;
				CLANG_ANALYZER_NONNULL = YES;
				CLANG_ANALYZER_NUMBER_OBJECT_CONVERSION = YES_AGGRESSIVE;
				CLANG_CXX_LANGUAGE_STANDARD = "gnu++14";
				CLANG_CXX_LIBRARY = "libc++";
				CLANG_ENABLE_MODULES = YES;
				CLANG_ENABLE_OBJC_ARC = YES;
				CLANG_ENABLE_OBJC_WEAK = YES;
				CLANG_WARN_BLOCK_CAPTURE_AUTORELEASING = YES;
				CLANG_WARN_BOOL_CONVERSION = YES;
				CLANG_WARN_COMMA = YES;
				CLANG_WARN_CONSTANT_CONVERSION = YES;
				CLANG_WARN_DEPRECATED_OBJC_IMPLEMENTATIONS = YES;
				CLANG_WARN_DIRECT_OBJC_ISA_USAGE = YES_ERROR;
				CLANG_WARN_DOCUMENTATION_COMMENTS = YES;
				CLANG_WARN_EMPTY_BODY = YES;
				CLANG_WARN_ENUM_CONVERSION = YES;
				CLANG_WARN_INFINITE_RECURSION = YES;
				CLANG_WARN_INT_CONVERSION = YES;
				CLANG_WARN_NON_LITERAL_NULL_CONVERSION = YES;
				CLANG_WARN_OBJC_IMPLICIT_RETAIN_SELF = YES;
				CLANG_WARN_OBJC_LITERAL_CONVERSION = YES;
				CLANG_WARN_OBJC_ROOT_CLASS = YES_ERROR;
				CLANG_WARN_QUOTED_INCLUDE_IN_FRAMEWORK_HEADER = YES;
				CLANG_WARN_RANGE_LOOP_ANALYSIS = YES;
				CLANG_WARN_STRICT_PROTOTYPES = YES;
				CLANG_WARN_SUSPICIOUS_MOVE = YES;
				CLANG_WARN_UNGUARDED_AVAILABILITY = YES_AGGRESSIVE;
				CLANG_WARN_UNREACHABLE_CODE = YES;
				CLANG_WARN__DUPLICATE_METHOD_MATCH = YES;
				COPY_PHASE_STRIP = NO;
				DEBUG_INFORMATION_FORMAT = dwarf;
				ENABLE_STRICT_OBJC_MSGSEND = YES;
				ENABLE_TESTABILITY = YES;
				GCC_C_LANGUAGE_STANDARD = gnu11;
				GCC_DYNAMIC_NO_PIC = NO;
				GCC_NO_COMMON_BLOCKS = YES;
				GCC_OPTIMIZATION_LEVEL = 0;
				GCC_PREPROCESSOR_DEFINITIONS = (
					"DEBUG=1",
					"$(inherited)",
				);
				GCC_WARN_64_TO_32_BIT_CONVERSION = YES;
				GCC_WARN_ABOUT_RETURN_TYPE = YES_ERROR;
				GCC_WARN_UNDECLARED_SELECTOR = YES;
				GCC_WARN_UNINITIALIZED_AUTOS = YES_AGGRESSIVE;
				GCC_WARN_UNUSED_FUNCTION = YES;
				GCC_WARN_UNUSED_VARIABLE = YES;
				IPHONEOS_DEPLOYMENT_TARGET = 14.5;
				MTL_ENABLE_DEBUG_INFO = INCLUDE_SOURCE;
				MTL_FAST_MATH = YES;
				ONLY_ACTIVE_ARCH = YES;
				SDKROOT = iphoneos;
				SWIFT_ACTIVE_COMPILATION_CONDITIONS = DEBUG;
				SWIFT_OPTIMIZATION_LEVEL = "-Onone";
			};
			name = Debug;
		};
		EEF288C62676998A00513A4D /* Release */ = {
			isa = XCBuildConfiguration;
			buildSettings = {
				ALWAYS_SEARCH_USER_PATHS = NO;
				CLANG_ANALYZER_NONNULL = YES;
				CLANG_ANALYZER_NUMBER_OBJECT_CONVERSION = YES_AGGRESSIVE;
				CLANG_CXX_LANGUAGE_STANDARD = "gnu++14";
				CLANG_CXX_LIBRARY = "libc++";
				CLANG_ENABLE_MODULES = YES;
				CLANG_ENABLE_OBJC_ARC = YES;
				CLANG_ENABLE_OBJC_WEAK = YES;
				CLANG_WARN_BLOCK_CAPTURE_AUTORELEASING = YES;
				CLANG_WARN_BOOL_CONVERSION = YES;
				CLANG_WARN_COMMA = YES;
				CLANG_WARN_CONSTANT_CONVERSION = YES;
				CLANG_WARN_DEPRECATED_OBJC_IMPLEMENTATIONS = YES;
				CLANG_WARN_DIRECT_OBJC_ISA_USAGE = YES_ERROR;
				CLANG_WARN_DOCUMENTATION_COMMENTS = YES;
				CLANG_WARN_EMPTY_BODY = YES;
				CLANG_WARN_ENUM_CONVERSION = YES;
				CLANG_WARN_INFINITE_RECURSION = YES;
				CLANG_WARN_INT_CONVERSION = YES;
				CLANG_WARN_NON_LITERAL_NULL_CONVERSION = YES;
				CLANG_WARN_OBJC_IMPLICIT_RETAIN_SELF = YES;
				CLANG_WARN_OBJC_LITERAL_CONVERSION = YES;
				CLANG_WARN_OBJC_ROOT_CLASS = YES_ERROR;
				CLANG_WARN_QUOTED_INCLUDE_IN_FRAMEWORK_HEADER = YES;
				CLANG_WARN_RANGE_LOOP_ANALYSIS = YES;
				CLANG_WARN_STRICT_PROTOTYPES = YES;
				CLANG_WARN_SUSPICIOUS_MOVE = YES;
				CLANG_WARN_UNGUARDED_AVAILABILITY = YES_AGGRESSIVE;
				CLANG_WARN_UNREACHABLE_CODE = YES;
				CLANG_WARN__DUPLICATE_METHOD_MATCH = YES;
				COPY_PHASE_STRIP = NO;
				DEBUG_INFORMATION_FORMAT = "dwarf-with-dsym";
				ENABLE_NS_ASSERTIONS = NO;
				ENABLE_STRICT_OBJC_MSGSEND = YES;
				GCC_C_LANGUAGE_STANDARD = gnu11;
				GCC_NO_COMMON_BLOCKS = YES;
				GCC_WARN_64_TO_32_BIT_CONVERSION = YES;
				GCC_WARN_ABOUT_RETURN_TYPE = YES_ERROR;
				GCC_WARN_UNDECLARED_SELECTOR = YES;
				GCC_WARN_UNINITIALIZED_AUTOS = YES_AGGRESSIVE;
				GCC_WARN_UNUSED_FUNCTION = YES;
				GCC_WARN_UNUSED_VARIABLE = YES;
				IPHONEOS_DEPLOYMENT_TARGET = 14.5;
				MTL_ENABLE_DEBUG_INFO = NO;
				MTL_FAST_MATH = YES;
				SDKROOT = iphoneos;
				SWIFT_COMPILATION_MODE = wholemodule;
				SWIFT_OPTIMIZATION_LEVEL = "-O";
				VALIDATE_PRODUCT = YES;
			};
			name = Release;
		};
		EEF288C82676998A00513A4D /* Debug */ = {
			isa = XCBuildConfiguration;
			buildSettings = {
				ASSETCATALOG_COMPILER_APPICON_NAME = AppIcon;
				ASSETCATALOG_COMPILER_GLOBAL_ACCENT_COLOR_NAME = AccentColor;
				CODE_SIGN_STYLE = Automatic;
				DEVELOPMENT_TEAM = NU9NAB5HU3;
				INFOPLIST_FILE = "adidas-case/Info.plist";
				LD_RUNPATH_SEARCH_PATHS = (
					"$(inherited)",
					"@executable_path/Frameworks",
				);
				PRODUCT_BUNDLE_IDENTIFIER = "com.paulvaughan.ios.adidas-case";
				PRODUCT_NAME = "$(TARGET_NAME)";
				SWIFT_VERSION = 5.0;
				TARGETED_DEVICE_FAMILY = "1,2";
			};
			name = Debug;
		};
		EEF288C92676998A00513A4D /* Release */ = {
			isa = XCBuildConfiguration;
			buildSettings = {
				ASSETCATALOG_COMPILER_APPICON_NAME = AppIcon;
				ASSETCATALOG_COMPILER_GLOBAL_ACCENT_COLOR_NAME = AccentColor;
				CODE_SIGN_STYLE = Automatic;
				DEVELOPMENT_TEAM = NU9NAB5HU3;
				INFOPLIST_FILE = "adidas-case/Info.plist";
				LD_RUNPATH_SEARCH_PATHS = (
					"$(inherited)",
					"@executable_path/Frameworks",
				);
				PRODUCT_BUNDLE_IDENTIFIER = "com.paulvaughan.ios.adidas-case";
				PRODUCT_NAME = "$(TARGET_NAME)";
				SWIFT_VERSION = 5.0;
				TARGETED_DEVICE_FAMILY = "1,2";
			};
			name = Release;
		};
		EEF288CB2676998A00513A4D /* Debug */ = {
			isa = XCBuildConfiguration;
			buildSettings = {
				ALWAYS_EMBED_SWIFT_STANDARD_LIBRARIES = YES;
				BUNDLE_LOADER = "$(TEST_HOST)";
				CODE_SIGN_STYLE = Automatic;
				DEVELOPMENT_TEAM = NU9NAB5HU3;
				INFOPLIST_FILE = "adidas-caseTests/Info.plist";
				IPHONEOS_DEPLOYMENT_TARGET = 14.5;
				LD_RUNPATH_SEARCH_PATHS = (
					"$(inherited)",
					"@executable_path/Frameworks",
					"@loader_path/Frameworks",
				);
				PRODUCT_BUNDLE_IDENTIFIER = "com.paulvaughan.ios.adidas-caseTests";
				PRODUCT_NAME = "$(TARGET_NAME)";
				SWIFT_VERSION = 5.0;
				TARGETED_DEVICE_FAMILY = "1,2";
				TEST_HOST = "$(BUILT_PRODUCTS_DIR)/adidas-case.app/adidas-case";
			};
			name = Debug;
		};
		EEF288CC2676998A00513A4D /* Release */ = {
			isa = XCBuildConfiguration;
			buildSettings = {
				ALWAYS_EMBED_SWIFT_STANDARD_LIBRARIES = YES;
				BUNDLE_LOADER = "$(TEST_HOST)";
				CODE_SIGN_STYLE = Automatic;
				DEVELOPMENT_TEAM = NU9NAB5HU3;
				INFOPLIST_FILE = "adidas-caseTests/Info.plist";
				IPHONEOS_DEPLOYMENT_TARGET = 14.5;
				LD_RUNPATH_SEARCH_PATHS = (
					"$(inherited)",
					"@executable_path/Frameworks",
					"@loader_path/Frameworks",
				);
				PRODUCT_BUNDLE_IDENTIFIER = "com.paulvaughan.ios.adidas-caseTests";
				PRODUCT_NAME = "$(TARGET_NAME)";
				SWIFT_VERSION = 5.0;
				TARGETED_DEVICE_FAMILY = "1,2";
				TEST_HOST = "$(BUILT_PRODUCTS_DIR)/adidas-case.app/adidas-case";
			};
			name = Release;
		};
		EEF288CE2676998A00513A4D /* Debug */ = {
			isa = XCBuildConfiguration;
			buildSettings = {
				ALWAYS_EMBED_SWIFT_STANDARD_LIBRARIES = YES;
				CODE_SIGN_STYLE = Automatic;
				DEVELOPMENT_TEAM = NU9NAB5HU3;
				INFOPLIST_FILE = "adidas-caseUITests/Info.plist";
				LD_RUNPATH_SEARCH_PATHS = (
					"$(inherited)",
					"@executable_path/Frameworks",
					"@loader_path/Frameworks",
				);
				PRODUCT_BUNDLE_IDENTIFIER = "com.paulvaughan.ios.adidas-caseUITests";
				PRODUCT_NAME = "$(TARGET_NAME)";
				SWIFT_VERSION = 5.0;
				TARGETED_DEVICE_FAMILY = "1,2";
				TEST_TARGET_NAME = "adidas-case";
			};
			name = Debug;
		};
		EEF288CF2676998A00513A4D /* Release */ = {
			isa = XCBuildConfiguration;
			buildSettings = {
				ALWAYS_EMBED_SWIFT_STANDARD_LIBRARIES = YES;
				CODE_SIGN_STYLE = Automatic;
				DEVELOPMENT_TEAM = NU9NAB5HU3;
				INFOPLIST_FILE = "adidas-caseUITests/Info.plist";
				LD_RUNPATH_SEARCH_PATHS = (
					"$(inherited)",
					"@executable_path/Frameworks",
					"@loader_path/Frameworks",
				);
				PRODUCT_BUNDLE_IDENTIFIER = "com.paulvaughan.ios.adidas-caseUITests";
				PRODUCT_NAME = "$(TARGET_NAME)";
				SWIFT_VERSION = 5.0;
				TARGETED_DEVICE_FAMILY = "1,2";
				TEST_TARGET_NAME = "adidas-case";
			};
			name = Release;
		};
/* End XCBuildConfiguration section */

/* Begin XCConfigurationList section */
		EEF288982676998800513A4D /* Build configuration list for PBXProject "adidas-case" */ = {
			isa = XCConfigurationList;
			buildConfigurations = (
				EEF288C52676998A00513A4D /* Debug */,
				EEF288C62676998A00513A4D /* Release */,
			);
			defaultConfigurationIsVisible = 0;
			defaultConfigurationName = Release;
		};
		EEF288C72676998A00513A4D /* Build configuration list for PBXNativeTarget "adidas-case" */ = {
			isa = XCConfigurationList;
			buildConfigurations = (
				EEF288C82676998A00513A4D /* Debug */,
				EEF288C92676998A00513A4D /* Release */,
			);
			defaultConfigurationIsVisible = 0;
			defaultConfigurationName = Release;
		};
		EEF288CA2676998A00513A4D /* Build configuration list for PBXNativeTarget "adidas-caseTests" */ = {
			isa = XCConfigurationList;
			buildConfigurations = (
				EEF288CB2676998A00513A4D /* Debug */,
				EEF288CC2676998A00513A4D /* Release */,
			);
			defaultConfigurationIsVisible = 0;
			defaultConfigurationName = Release;
		};
		EEF288CD2676998A00513A4D /* Build configuration list for PBXNativeTarget "adidas-caseUITests" */ = {
			isa = XCConfigurationList;
			buildConfigurations = (
				EEF288CE2676998A00513A4D /* Debug */,
				EEF288CF2676998A00513A4D /* Release */,
			);
			defaultConfigurationIsVisible = 0;
			defaultConfigurationName = Release;
		};
/* End XCConfigurationList section */
	};
	rootObject = EEF288952676998800513A4D /* Project object */;
}
